
Microsoft Visual Studio Solution File, Format Version 12.00
# Visual Studio 15
VisualStudioVersion = 15.0.27130.2027
MinimumVisualStudioVersion = 10.0.40219.1
Project("{FAE04EC0-301F-11D3-BF4B-00C04F79EFBC}") = "ListAndOut", "ListAndOut\ListAndOut.csproj", "{8828A0F5-3078-4D89-A98B-B861D4F27563}"
EndProject
Global
	GlobalSection(SolutionConfigurationPlatforms) = preSolution
		Debug|Any CPU = Debug|Any CPU
		Release|Any CPU = Release|Any CPU
	EndGlobalSection
	GlobalSection(ProjectConfigurationPlatforms) = postSolution
		{8828A0F5-3078-4D89-A98B-B861D4F27563}.Debug|Any CPU.ActiveCfg = Debug|Any CPU
		{8828A0F5-3078-4D89-A98B-B861D4F27563}.Debug|Any CPU.Build.0 = Debug|Any CPU
		{8828A0F5-3078-4D89-A98B-B861D4F27563}.Release|Any CPU.ActiveCfg = Release|Any CPU
		{8828A0F5-3078-4D89-A98B-B861D4F27563}.Release|Any CPU.Build.0 = Release|Any CPU
	EndGlobalSection
	GlobalSection(SolutionProperties) = preSolution
		HideSolutionNode = FALSE
	EndGlobalSection
	GlobalSection(ExtensibilityGlobals) = postSolution
		SolutionGuid = {D7E5859A-0EE0-48A8-8530-BB130A1AC57D}
	EndGlobalSection
EndGlobal
